{
    "version": 3,
    "terraform_version": "0.11.0",
    "serial": 8,
    "lineage": "b8ada523-52ea-4c0b-81e3-17278a183ff2",
    "modules": [
        {
            "path": [
                "root"
            ],
            "outputs": {
                "Demo-appsecgroup": {
                    "sensitive": false,
                    "type": "string",
                    "value": "sg-03c1f60d8e634b92c"
                },
                "ELBURI": {
                    "sensitive": false,
                    "type": "string",
                    "value": "demo-app-elb-1383994882.us-east-1.elb.amazonaws.com"
                },
                "ELBURIPROD": {
                    "sensitive": false,
                    "type": "string",
                    "value": "demo-app-elb-prod-1643737654.us-east-1.elb.amazonaws.com"
                },
                "JENKINSEIP": {
                    "sensitive": false,
                    "type": "string",
                    "value": "52.206.57.51"
                },
                "PrivatesubnetID": {
                    "sensitive": false,
                    "type": "string",
                    "value": "subnet-02d1d33302e02c1a1"
                },
                "VPCID": {
                    "sensitive": false,
                    "type": "string",
                    "value": "vpc-0a7d342180cff37c0"
                }
            },
            "resources": {
                "aws_autoscaling_group.demo-app-blue": {
                    "type": "aws_autoscaling_group",
                    "depends_on": [
                        "aws_launch_configuration.demo-app-lcfg",
                        "aws_subnet.private-1",
                        "aws_subnet.private-2"
                    ],
                    "primary": {
                        "id": "demo-app-blue",
                        "attributes": {
                            "arn": "arn:aws:autoscaling:us-east-1:925724605444:autoScalingGroup:13e31d01-0310-409b-b3f1-e2159457ea5e:autoScalingGroupName/demo-app-blue",
                            "availability_zones.#": "2",
                            "availability_zones.1305112097": "us-east-1b",
                            "availability_zones.986537655": "us-east-1c",
                            "default_cooldown": "300",
                            "desired_capacity": "0",
                            "enabled_metrics.#": "0",
                            "force_delete": "false",
                            "health_check_grace_period": "300",
                            "health_check_type": "EC2",
                            "id": "demo-app-blue",
                            "launch_configuration": "placeholder_launch_config",
                            "launch_template.#": "0",
                            "load_balancers.#": "0",
                            "max_size": "0",
                            "metrics_granularity": "1Minute",
                            "min_size": "0",
                            "mixed_instances_policy.#": "0",
                            "name": "demo-app-blue",
                            "placement_group": "",
                            "protect_from_scale_in": "false",
                            "service_linked_role_arn": "arn:aws:iam::925724605444:role/aws-service-role/autoscaling.amazonaws.com/AWSServiceRoleForAutoScaling",
                            "suspended_processes.#": "0",
                            "tag.#": "1",
                            "tag.1304148059.key": "ASG",
                            "tag.1304148059.propagate_at_launch": "true",
                            "tag.1304148059.value": "demo-app-blue",
                            "target_group_arns.#": "0",
                            "termination_policies.#": "0",
                            "vpc_zone_identifier.#": "2",
                            "vpc_zone_identifier.3334520667": "subnet-02d1d33302e02c1a1",
                            "vpc_zone_identifier.4221576631": "subnet-02b2e259f4b980ea5",
                            "wait_for_capacity_timeout": "10m"
                        },
                        "meta": {
                            "e2bfb730-ecaa-11e6-8f88-34363bc7c4c0": {
                                "delete": 600000000000
                            }
                        },
                        "tainted": false
                    },
                    "deposed": [],
                    "provider": "provider.aws"
                },
                "aws_autoscaling_group.demo-app-green": {
                    "type": "aws_autoscaling_group",
                    "depends_on": [
                        "aws_launch_configuration.demo-app-lcfg",
                        "aws_subnet.private-1",
                        "aws_subnet.private-2"
                    ],
                    "primary": {
                        "id": "demo-app-green",
                        "attributes": {
                            "arn": "arn:aws:autoscaling:us-east-1:925724605444:autoScalingGroup:434d4127-0255-4e30-88f7-4883c9d5fcb9:autoScalingGroupName/demo-app-green",
                            "availability_zones.#": "2",
                            "availability_zones.1305112097": "us-east-1b",
                            "availability_zones.986537655": "us-east-1c",
                            "default_cooldown": "300",
                            "desired_capacity": "0",
                            "enabled_metrics.#": "0",
                            "force_delete": "false",
                            "health_check_grace_period": "300",
                            "health_check_type": "EC2",
                            "id": "demo-app-green",
                            "launch_configuration": "placeholder_launch_config",
                            "launch_template.#": "0",
                            "load_balancers.#": "0",
                            "max_size": "0",
                            "metrics_granularity": "1Minute",
                            "min_size": "0",
                            "mixed_instances_policy.#": "0",
                            "name": "demo-app-green",
                            "placement_group": "",
                            "protect_from_scale_in": "false",
                            "service_linked_role_arn": "arn:aws:iam::925724605444:role/aws-service-role/autoscaling.amazonaws.com/AWSServiceRoleForAutoScaling",
                            "suspended_processes.#": "0",
                            "tag.#": "1",
                            "tag.3886695147.key": "ASG",
                            "tag.3886695147.propagate_at_launch": "true",
                            "tag.3886695147.value": "demo-app-green",
                            "target_group_arns.#": "0",
                            "termination_policies.#": "0",
                            "vpc_zone_identifier.#": "2",
                            "vpc_zone_identifier.3334520667": "subnet-02d1d33302e02c1a1",
                            "vpc_zone_identifier.4221576631": "subnet-02b2e259f4b980ea5",
                            "wait_for_capacity_timeout": "10m"
                        },
                        "meta": {
                            "e2bfb730-ecaa-11e6-8f88-34363bc7c4c0": {
                                "delete": 600000000000
                            }
                        },
                        "tainted": false
                    },
                    "deposed": [],
                    "provider": "provider.aws"
                },
                "aws_eip.jenkins": {
                    "type": "aws_eip",
                    "depends_on": [
                        "aws_instance.jenkins"
                    ],
                    "primary": {
                        "id": "eipalloc-02f107c520fe5c927",
                        "attributes": {
                            "association_id": "eipassoc-006d849002a73337d",
                            "domain": "vpc",
                            "id": "eipalloc-02f107c520fe5c927",
                            "instance": "i-07b56d33d95340009",
                            "network_interface": "eni-0760b387188d60520",
                            "private_dns": "ip-10-0-1-211.ec2.internal",
                            "private_ip": "10.0.1.211",
                            "public_dns": "ec2-52-206-57-51.compute-1.amazonaws.com",
                            "public_ip": "52.206.57.51",
                            "public_ipv4_pool": "amazon",
                            "tags.%": "0",
                            "vpc": "true"
                        },
                        "meta": {
                            "e2bfb730-ecaa-11e6-8f88-34363bc7c4c0": {
                                "delete": 180000000000,
                                "read": 900000000000,
                                "update": 300000000000
                            }
                        },
                        "tainted": false
                    },
                    "deposed": [],
                    "provider": "provider.aws"
                },
                "aws_eip.nat-eip": {
                    "type": "aws_eip",
                    "depends_on": [],
                    "primary": {
                        "id": "eipalloc-0cf26db6051273b28",
                        "attributes": {
                            "association_id": "",
                            "domain": "vpc",
                            "id": "eipalloc-0cf26db6051273b28",
                            "instance": "",
                            "network_interface": "",
                            "private_ip": "",
                            "public_dns": "ec2-54-144-247-127.compute-1.amazonaws.com",
                            "public_ip": "54.144.247.127",
                            "public_ipv4_pool": "amazon",
                            "tags.%": "0",
                            "vpc": "true"
                        },
                        "meta": {
                            "e2bfb730-ecaa-11e6-8f88-34363bc7c4c0": {
                                "delete": 180000000000,
                                "read": 900000000000,
                                "update": 300000000000
                            }
                        },
                        "tainted": false
                    },
                    "deposed": [],
                    "provider": "provider.aws"
                },
                "aws_elb.demo-app-elb": {
                    "type": "aws_elb",
                    "depends_on": [
                        "aws_security_group.demo-app-elb",
                        "aws_subnet.public-1"
                    ],
                    "primary": {
                        "id": "demo-app-elb",
                        "attributes": {
                            "access_logs.#": "0",
                            "arn": "arn:aws:elasticloadbalancing:us-east-1:925724605444:loadbalancer/demo-app-elb",
                            "availability_zones.#": "1",
                            "availability_zones.1305112097": "us-east-1b",
                            "connection_draining": "false",
                            "connection_draining_timeout": "300",
                            "cross_zone_load_balancing": "true",
                            "dns_name": "demo-app-elb-1383994882.us-east-1.elb.amazonaws.com",
                            "health_check.#": "1",
                            "health_check.0.healthy_threshold": "10",
                            "health_check.0.interval": "30",
                            "health_check.0.target": "TCP:80",
                            "health_check.0.timeout": "5",
                            "health_check.0.unhealthy_threshold": "2",
                            "id": "demo-app-elb",
                            "idle_timeout": "60",
                            "instances.#": "0",
                            "internal": "false",
                            "listener.#": "1",
                            "listener.3057123346.instance_port": "80",
                            "listener.3057123346.instance_protocol": "http",
                            "listener.3057123346.lb_port": "80",
                            "listener.3057123346.lb_protocol": "http",
                            "listener.3057123346.ssl_certificate_id": "",
                            "name": "demo-app-elb",
                            "security_groups.#": "1",
                            "security_groups.1753733586": "sg-0754859d4b7795817",
                            "source_security_group": "925724605444/demo-app-elb",
                            "source_security_group_id": "sg-0754859d4b7795817",
                            "subnets.#": "1",
                            "subnets.237409064": "subnet-0a02c8f863d6f4ed3",
                            "tags.%": "1",
                            "tags.Name": "demo-app-elb",
                            "zone_id": "Z35SXDOTRQ7X7K"
                        },
                        "meta": {},
                        "tainted": false
                    },
                    "deposed": [],
                    "provider": "provider.aws"
                },
                "aws_elb.demo-app-elb-prod": {
                    "type": "aws_elb",
                    "depends_on": [
                        "aws_security_group.demo-app-elb-prod",
                        "aws_subnet.public-1",
                        "aws_subnet.public-2"
                    ],
                    "primary": {
                        "id": "demo-app-elb-prod",
                        "attributes": {
                            "access_logs.#": "0",
                            "arn": "arn:aws:elasticloadbalancing:us-east-1:925724605444:loadbalancer/demo-app-elb-prod",
                            "availability_zones.#": "2",
                            "availability_zones.1305112097": "us-east-1b",
                            "availability_zones.986537655": "us-east-1c",
                            "connection_draining": "true",
                            "connection_draining_timeout": "30",
                            "cross_zone_load_balancing": "true",
                            "dns_name": "demo-app-elb-prod-1643737654.us-east-1.elb.amazonaws.com",
                            "health_check.#": "1",
                            "health_check.0.healthy_threshold": "10",
                            "health_check.0.interval": "30",
                            "health_check.0.target": "TCP:80",
                            "health_check.0.timeout": "5",
                            "health_check.0.unhealthy_threshold": "2",
                            "id": "demo-app-elb-prod",
                            "idle_timeout": "60",
                            "instances.#": "0",
                            "internal": "false",
                            "listener.#": "1",
                            "listener.3057123346.instance_port": "80",
                            "listener.3057123346.instance_protocol": "http",
                            "listener.3057123346.lb_port": "80",
                            "listener.3057123346.lb_protocol": "http",
                            "listener.3057123346.ssl_certificate_id": "",
                            "name": "demo-app-elb-prod",
                            "security_groups.#": "1",
                            "security_groups.936988858": "sg-03dcf34f946ea710f",
                            "source_security_group": "925724605444/demo-app-elb-prod",
                            "source_security_group_id": "sg-03dcf34f946ea710f",
                            "subnets.#": "2",
                            "subnets.237409064": "subnet-0a02c8f863d6f4ed3",
                            "subnets.3859115214": "subnet-042aeb34c77bb3d26",
                            "tags.%": "1",
                            "tags.Name": "demo-app-elb-prod",
                            "zone_id": "Z35SXDOTRQ7X7K"
                        },
                        "meta": {},
                        "tainted": false
                    },
                    "deposed": [],
                    "provider": "provider.aws"
                },
                "aws_iam_instance_profile.demo-app": {
                    "type": "aws_iam_instance_profile",
                    "depends_on": [
                        "aws_iam_role.demo-app"
                    ],
                    "primary": {
                        "id": "demo-app",
                        "attributes": {
                            "arn": "arn:aws:iam::925724605444:instance-profile/demo-app",
                            "create_date": "2019-11-19T19:55:06Z",
                            "id": "demo-app",
                            "name": "demo-app",
                            "path": "/",
                            "roles.#": "1",
                            "roles.594686028": "demo-app",
                            "unique_id": "AIPA5PCL4PQCK7VMCIWRC"
                        },
                        "meta": {},
                        "tainted": false
                    },
                    "deposed": [],
                    "provider": "provider.aws"
                },
                "aws_iam_instance_profile.jenkins": {
                    "type": "aws_iam_instance_profile",
                    "depends_on": [
                        "aws_iam_role.jenkins"
                    ],
                    "primary": {
                        "id": "jenkins",
                        "attributes": {
                            "arn": "arn:aws:iam::925724605444:instance-profile/jenkins",
                            "create_date": "2019-11-19T19:55:06Z",
                            "id": "jenkins",
                            "name": "jenkins",
                            "path": "/",
                            "roles.#": "1",
                            "roles.1438809362": "jenkins",
                            "unique_id": "AIPA5PCL4PQCNFXGQGRNL"
                        },
                        "meta": {},
                        "tainted": false
                    },
                    "deposed": [],
                    "provider": "provider.aws"
                },
                "aws_iam_policy.common": {
                    "type": "aws_iam_policy",
                    "depends_on": [],
                    "primary": {
                        "id": "arn:aws:iam::925724605444:policy/common",
                        "attributes": {
                            "arn": "arn:aws:iam::925724605444:policy/common",
                            "description": "",
                            "id": "arn:aws:iam::925724605444:policy/common",
                            "name": "common",
                            "path": "/",
                            "policy": "{\n    \"Version\": \"2012-10-17\",\n    \"Statement\": [\n       {\n            \"Effect\": \"Allow\",\n            \"Action\": [\n                \"codecommit:Get*\",\n                \"codecommit:GitPull\",\n                \"codecommit:List*\"\n            ],\n            \"Resource\": \"*\"\n       },\n       {\n            \"Effect\": \"Allow\",\n            \"NotAction\": [\n                \"s3:DeleteBucket\"\n            ],\n            \"Resource\": \"*\"\n        }\n    ]\n}\n"
                        },
                        "meta": {},
                        "tainted": false
                    },
                    "deposed": [],
                    "provider": "provider.aws"
                },
                "aws_iam_policy.jenkins": {
                    "type": "aws_iam_policy",
                    "depends_on": [
                        "aws_iam_role.demo-app"
                    ],
                    "primary": {
                        "id": "arn:aws:iam::925724605444:policy/jenkins",
                        "attributes": {
                            "arn": "arn:aws:iam::925724605444:policy/jenkins",
                            "description": "",
                            "id": "arn:aws:iam::925724605444:policy/jenkins",
                            "name": "jenkins",
                            "path": "/",
                            "policy": "{\n    \"Version\": \"2012-10-17\",\n    \"Statement\": [\n       {\n         \"Effect\": \"Allow\",\n         \"Action\": [\n           \"ec2:AttachVolume\",\n           \"ec2:CreateVolume\",\n           \"ec2:DeleteVolume\",\n           \"ec2:CreateKeypair\",\n           \"ec2:DeleteKeypair\",\n           \"ec2:DescribeSubnets\",\n           \"ec2:CreateSecurityGroup\",\n           \"ec2:DeleteSecurityGroup\",\n           \"ec2:AuthorizeSecurityGroupIngress\",\n           \"ec2:CreateImage\",\n           \"ec2:CopyImage\",\n           \"ec2:RunInstances\",\n           \"ec2:DescribeVolumes\",\n           \"ec2:DetachVolume\",\n           \"ec2:DescribeInstances\",\n           \"ec2:CreateSnapshot\",\n           \"ec2:DeleteSnapshot\",\n           \"ec2:DescribeSnapshots\",\n           \"ec2:DescribeImages\",\n           \"ec2:RegisterImage\",\n           \"ec2:CreateTags\",\n           \"ec2:StopInstances\",\n           \"ec2:TerminateInstances\",\n           \"ec2:ModifyImageAttribute\"\n         ],\n         \"Resource\": \"*\"\n       },\n       {\n         \"Effect\": \"Allow\",\n         \"Action\": \"iam:PassRole\",\n         \"Resource\": [\"arn:aws:iam::925724605444:role/demo-app\"]\n}\n    ]\n}\n"
                        },
                        "meta": {},
                        "tainted": false
                    },
                    "deposed": [],
                    "provider": "provider.aws"
                },
                "aws_iam_policy_attachment.common": {
                    "type": "aws_iam_policy_attachment",
                    "depends_on": [
                        "aws_iam_policy.common",
                        "aws_iam_role.demo-app",
                        "aws_iam_role.jenkins"
                    ],
                    "primary": {
                        "id": "common",
                        "attributes": {
                            "groups.#": "0",
                            "id": "common",
                            "name": "common",
                            "policy_arn": "arn:aws:iam::925724605444:policy/common",
                            "roles.#": "2",
                            "roles.1438809362": "jenkins",
                            "roles.594686028": "demo-app",
                            "users.#": "0"
                        },
                        "meta": {},
                        "tainted": false
                    },
                    "deposed": [],
                    "provider": "provider.aws"
                },
                "aws_iam_policy_attachment.jenkins": {
                    "type": "aws_iam_policy_attachment",
                    "depends_on": [
                        "aws_iam_policy.jenkins",
                        "aws_iam_role.jenkins"
                    ],
                    "primary": {
                        "id": "jenkins",
                        "attributes": {
                            "groups.#": "0",
                            "id": "jenkins",
                            "name": "jenkins",
                            "policy_arn": "arn:aws:iam::925724605444:policy/jenkins",
                            "roles.#": "1",
                            "roles.1438809362": "jenkins",
                            "users.#": "0"
                        },
                        "meta": {},
                        "tainted": false
                    },
                    "deposed": [],
                    "provider": "provider.aws"
                },
                "aws_iam_role.demo-app": {
                    "type": "aws_iam_role",
                    "depends_on": [],
                    "primary": {
                        "id": "demo-app",
                        "attributes": {
                            "arn": "arn:aws:iam::925724605444:role/demo-app",
                            "assume_role_policy": "{\"Version\":\"2012-10-17\",\"Statement\":[{\"Sid\":\"\",\"Effect\":\"Allow\",\"Principal\":{\"Service\":\"ec2.amazonaws.com\"},\"Action\":\"sts:AssumeRole\"}]}",
                            "create_date": "2019-11-19T19:55:04Z",
                            "description": "",
                            "force_detach_policies": "false",
                            "id": "demo-app",
                            "max_session_duration": "3600",
                            "name": "demo-app",
                            "path": "/",
                            "tags.%": "0",
                            "unique_id": "AROA5PCL4PQCBDORFXIDB"
                        },
                        "meta": {},
                        "tainted": false
                    },
                    "deposed": [],
                    "provider": "provider.aws"
                },
                "aws_iam_role.jenkins": {
                    "type": "aws_iam_role",
                    "depends_on": [],
                    "primary": {
                        "id": "jenkins",
                        "attributes": {
                            "arn": "arn:aws:iam::925724605444:role/jenkins",
                            "assume_role_policy": "{\"Version\":\"2012-10-17\",\"Statement\":[{\"Sid\":\"\",\"Effect\":\"Allow\",\"Principal\":{\"Service\":\"ec2.amazonaws.com\"},\"Action\":\"sts:AssumeRole\"}]}",
                            "create_date": "2019-11-19T19:55:04Z",
                            "description": "",
                            "force_detach_policies": "false",
                            "id": "jenkins",
                            "max_session_duration": "3600",
                            "name": "jenkins",
                            "path": "/",
                            "tags.%": "0",
                            "unique_id": "AROA5PCL4PQCF4NJ6FYST"
                        },
                        "meta": {},
                        "tainted": false
                    },
                    "deposed": [],
                    "provider": "provider.aws"
                },
                "aws_instance.jenkins": {
                    "type": "aws_instance",
                    "depends_on": [
                        "aws_iam_instance_profile.jenkins",
                        "aws_security_group.jenkins",
                        "aws_subnet.public-1"
                    ],
                    "primary": {
                        "id": "i-07b56d33d95340009",
                        "attributes": {
                            "ami": "ami-07b2a73d29e6fe466",
                            "arn": "arn:aws:ec2:us-east-1:925724605444:instance/i-07b56d33d95340009",
                            "associate_public_ip_address": "true",
                            "availability_zone": "us-east-1b",
                            "cpu_core_count": "2",
                            "cpu_threads_per_core": "2",
                            "credit_specification.#": "1",
                            "credit_specification.0.cpu_credits": "unlimited",
                            "disable_api_termination": "false",
                            "ebs_block_device.#": "0",
                            "ebs_optimized": "false",
                            "ephemeral_block_device.#": "0",
                            "get_password_data": "false",
                            "iam_instance_profile": "jenkins",
                            "id": "i-07b56d33d95340009",
                            "instance_state": "running",
                            "instance_type": "t3a.xlarge",
                            "ipv6_address_count": "0",
                            "ipv6_addresses.#": "0",
                            "key_name": "dms-demo",
                            "monitoring": "false",
                            "network_interface.#": "0",
                            "password_data": "",
                            "placement_group": "",
                            "primary_network_interface_id": "eni-0760b387188d60520",
                            "private_dns": "ip-10-0-1-211.ec2.internal",
                            "private_ip": "10.0.1.211",
                            "public_dns": "",
                            "public_ip": "18.234.81.124",
                            "root_block_device.#": "1",
                            "root_block_device.0.delete_on_termination": "true",
                            "root_block_device.0.encrypted": "false",
                            "root_block_device.0.iops": "100",
                            "root_block_device.0.kms_key_id": "",
                            "root_block_device.0.volume_id": "vol-088ed9e0b40651264",
                            "root_block_device.0.volume_size": "10",
                            "root_block_device.0.volume_type": "gp2",
                            "security_groups.#": "0",
                            "source_dest_check": "true",
                            "subnet_id": "subnet-0a02c8f863d6f4ed3",
                            "tags.%": "1",
                            "tags.Name": "jenkins",
                            "tenancy": "default",
                            "user_data": "4ef45b72752fd7aa4a71110f2b8eeaea76d9b406",
                            "volume_tags.%": "0",
                            "vpc_security_group_ids.#": "1",
                            "vpc_security_group_ids.1502162227": "sg-0dad33270d670051e"
                        },
                        "meta": {
                            "e2bfb730-ecaa-11e6-8f88-34363bc7c4c0": {
                                "create": 600000000000,
                                "delete": 1200000000000,
                                "update": 600000000000
                            },
                            "schema_version": "1"
                        },
                        "tainted": false
                    },
                    "deposed": [],
                    "provider": "provider.aws"
                },
                "aws_internet_gateway.terraform-igw": {
                    "type": "aws_internet_gateway",
                    "depends_on": [
                        "aws_vpc.terraform-vpc"
                    ],
                    "primary": {
                        "id": "igw-032c98df0f6491e45",
                        "attributes": {
                            "id": "igw-032c98df0f6491e45",
                            "owner_id": "925724605444",
                            "tags.%": "0",
                            "vpc_id": "vpc-0a7d342180cff37c0"
                        },
                        "meta": {},
                        "tainted": false
                    },
                    "deposed": [],
                    "provider": "provider.aws"
                },
                "aws_launch_configuration.demo-app-lcfg": {
                    "type": "aws_launch_configuration",
                    "depends_on": [
                        "aws_iam_instance_profile.demo-app",
                        "aws_security_group.demo-app"
                    ],
                    "primary": {
                        "id": "placeholder_launch_config",
                        "attributes": {
                            "associate_public_ip_address": "false",
                            "ebs_block_device.#": "0",
                            "ebs_optimized": "false",
                            "enable_monitoring": "true",
                            "ephemeral_block_device.#": "0",
                            "iam_instance_profile": "demo-app",
                            "id": "placeholder_launch_config",
                            "image_id": "ami-07b2a73d29e6fe466",
                            "instance_type": "t3a.xlarge",
                            "key_name": "",
                            "name": "placeholder_launch_config",
                            "root_block_device.#": "0",
                            "security_groups.#": "1",
                            "security_groups.1383985232": "sg-03c1f60d8e634b92c",
                            "spot_price": "",
                            "vpc_classic_link_id": "",
                            "vpc_classic_link_security_groups.#": "0"
                        },
                        "meta": {},
                        "tainted": false
                    },
                    "deposed": [],
                    "provider": "provider.aws"
                },
                "aws_nat_gateway.terraform-nat": {
                    "type": "aws_nat_gateway",
                    "depends_on": [
                        "aws_eip.nat-eip",
                        "aws_internet_gateway.terraform-igw",
                        "aws_subnet.public-1"
                    ],
                    "primary": {
                        "id": "nat-07bf1791c6b7caa26",
                        "attributes": {
                            "allocation_id": "eipalloc-0cf26db6051273b28",
                            "id": "nat-07bf1791c6b7caa26",
                            "network_interface_id": "eni-0d16bd24eb8daf1b5",
                            "private_ip": "10.0.1.18",
                            "public_ip": "54.144.247.127",
                            "subnet_id": "subnet-0a02c8f863d6f4ed3",
                            "tags.%": "0"
                        },
                        "meta": {},
                        "tainted": false
                    },
                    "deposed": [],
                    "provider": "provider.aws"
                },
                "aws_route_table.private": {
                    "type": "aws_route_table",
                    "depends_on": [
                        "aws_nat_gateway.terraform-nat",
                        "aws_vpc.terraform-vpc"
                    ],
                    "primary": {
                        "id": "rtb-03092bf4d3d69cd83",
                        "attributes": {
                            "id": "rtb-03092bf4d3d69cd83",
                            "owner_id": "925724605444",
                            "propagating_vgws.#": "0",
                            "route.#": "1",
                            "route.3333335756.cidr_block": "0.0.0.0/0",
                            "route.3333335756.egress_only_gateway_id": "",
                            "route.3333335756.gateway_id": "",
                            "route.3333335756.instance_id": "",
                            "route.3333335756.ipv6_cidr_block": "",
                            "route.3333335756.nat_gateway_id": "nat-07bf1791c6b7caa26",
                            "route.3333335756.network_interface_id": "",
                            "route.3333335756.transit_gateway_id": "",
                            "route.3333335756.vpc_peering_connection_id": "",
                            "tags.%": "1",
                            "tags.Name": "Private",
                            "vpc_id": "vpc-0a7d342180cff37c0"
                        },
                        "meta": {},
                        "tainted": false
                    },
                    "deposed": [],
                    "provider": "provider.aws"
                },
                "aws_route_table.public": {
                    "type": "aws_route_table",
                    "depends_on": [
                        "aws_internet_gateway.terraform-igw",
                        "aws_vpc.terraform-vpc"
                    ],
                    "primary": {
                        "id": "rtb-0ef9e829c5b161c7a",
                        "attributes": {
                            "id": "rtb-0ef9e829c5b161c7a",
                            "owner_id": "925724605444",
                            "propagating_vgws.#": "0",
                            "route.#": "1",
                            "route.2780284225.cidr_block": "0.0.0.0/0",
                            "route.2780284225.egress_only_gateway_id": "",
                            "route.2780284225.gateway_id": "igw-032c98df0f6491e45",
                            "route.2780284225.instance_id": "",
                            "route.2780284225.ipv6_cidr_block": "",
                            "route.2780284225.nat_gateway_id": "",
                            "route.2780284225.network_interface_id": "",
                            "route.2780284225.transit_gateway_id": "",
                            "route.2780284225.vpc_peering_connection_id": "",
                            "tags.%": "1",
                            "tags.Name": "Public",
                            "vpc_id": "vpc-0a7d342180cff37c0"
                        },
                        "meta": {},
                        "tainted": false
                    },
                    "deposed": [],
                    "provider": "provider.aws"
                },
                "aws_route_table_association.private-1": {
                    "type": "aws_route_table_association",
                    "depends_on": [
                        "aws_route_table.private",
                        "aws_subnet.private-1"
                    ],
                    "primary": {
                        "id": "rtbassoc-0b9b8141ddccc8804",
                        "attributes": {
                            "id": "rtbassoc-0b9b8141ddccc8804",
                            "route_table_id": "rtb-03092bf4d3d69cd83",
                            "subnet_id": "subnet-02d1d33302e02c1a1"
                        },
                        "meta": {},
                        "tainted": false
                    },
                    "deposed": [],
                    "provider": "provider.aws"
                },
                "aws_route_table_association.private-2": {
                    "type": "aws_route_table_association",
                    "depends_on": [
                        "aws_route_table.private",
                        "aws_subnet.private-2"
                    ],
                    "primary": {
                        "id": "rtbassoc-0fcfa9adb52c51720",
                        "attributes": {
                            "id": "rtbassoc-0fcfa9adb52c51720",
                            "route_table_id": "rtb-03092bf4d3d69cd83",
                            "subnet_id": "subnet-02b2e259f4b980ea5"
                        },
                        "meta": {},
                        "tainted": false
                    },
                    "deposed": [],
                    "provider": "provider.aws"
                },
                "aws_route_table_association.public-1": {
                    "type": "aws_route_table_association",
                    "depends_on": [
                        "aws_route_table.public",
                        "aws_subnet.public-1"
                    ],
                    "primary": {
                        "id": "rtbassoc-0368da8dad49af9f1",
                        "attributes": {
                            "id": "rtbassoc-0368da8dad49af9f1",
                            "route_table_id": "rtb-0ef9e829c5b161c7a",
                            "subnet_id": "subnet-0a02c8f863d6f4ed3"
                        },
                        "meta": {},
                        "tainted": false
                    },
                    "deposed": [],
                    "provider": "provider.aws"
                },
                "aws_route_table_association.public-2": {
                    "type": "aws_route_table_association",
                    "depends_on": [
                        "aws_route_table.public",
                        "aws_subnet.public-2"
                    ],
                    "primary": {
                        "id": "rtbassoc-0557b2bce50515102",
                        "attributes": {
                            "id": "rtbassoc-0557b2bce50515102",
                            "route_table_id": "rtb-0ef9e829c5b161c7a",
                            "subnet_id": "subnet-042aeb34c77bb3d26"
                        },
                        "meta": {},
                        "tainted": false
                    },
                    "deposed": [],
                    "provider": "provider.aws"
                },
                "aws_security_group.demo-app": {
                    "type": "aws_security_group",
                    "depends_on": [
                        "aws_security_group.demo-app-elb",
                        "aws_security_group.demo-app-elb-prod",
                        "aws_security_group.jenkins",
                        "aws_vpc.terraform-vpc"
                    ],
                    "primary": {
                        "id": "sg-03c1f60d8e634b92c",
                        "attributes": {
                            "arn": "arn:aws:ec2:us-east-1:925724605444:security-group/sg-03c1f60d8e634b92c",
                            "description": "ec2 instance security group",
                            "egress.#": "1",
                            "egress.482069346.cidr_blocks.#": "1",
                            "egress.482069346.cidr_blocks.0": "0.0.0.0/0",
                            "egress.482069346.description": "",
                            "egress.482069346.from_port": "0",
                            "egress.482069346.ipv6_cidr_blocks.#": "0",
                            "egress.482069346.prefix_list_ids.#": "0",
                            "egress.482069346.protocol": "-1",
                            "egress.482069346.security_groups.#": "0",
                            "egress.482069346.self": "false",
                            "egress.482069346.to_port": "0",
                            "id": "sg-03c1f60d8e634b92c",
                            "ingress.#": "2",
                            "ingress.3043941565.cidr_blocks.#": "0",
                            "ingress.3043941565.description": "",
                            "ingress.3043941565.from_port": "80",
                            "ingress.3043941565.ipv6_cidr_blocks.#": "0",
                            "ingress.3043941565.prefix_list_ids.#": "0",
                            "ingress.3043941565.protocol": "tcp",
                            "ingress.3043941565.security_groups.#": "2",
                            "ingress.3043941565.security_groups.1753733586": "sg-0754859d4b7795817",
                            "ingress.3043941565.security_groups.936988858": "sg-03dcf34f946ea710f",
                            "ingress.3043941565.self": "false",
                            "ingress.3043941565.to_port": "80",
                            "ingress.966413669.cidr_blocks.#": "0",
                            "ingress.966413669.description": "",
                            "ingress.966413669.from_port": "22",
                            "ingress.966413669.ipv6_cidr_blocks.#": "0",
                            "ingress.966413669.prefix_list_ids.#": "0",
                            "ingress.966413669.protocol": "tcp",
                            "ingress.966413669.security_groups.#": "1",
                            "ingress.966413669.security_groups.1502162227": "sg-0dad33270d670051e",
                            "ingress.966413669.self": "false",
                            "ingress.966413669.to_port": "22",
                            "name": "demo-app",
                            "owner_id": "925724605444",
                            "revoke_rules_on_delete": "false",
                            "tags.%": "0",
                            "vpc_id": "vpc-0a7d342180cff37c0"
                        },
                        "meta": {
                            "e2bfb730-ecaa-11e6-8f88-34363bc7c4c0": {
                                "create": 600000000000,
                                "delete": 600000000000
                            },
                            "schema_version": "1"
                        },
                        "tainted": false
                    },
                    "deposed": [],
                    "provider": "provider.aws"
                },
                "aws_security_group.demo-app-elb": {
                    "type": "aws_security_group",
                    "depends_on": [
                        "aws_vpc.terraform-vpc"
                    ],
                    "primary": {
                        "id": "sg-0754859d4b7795817",
                        "attributes": {
                            "arn": "arn:aws:ec2:us-east-1:925724605444:security-group/sg-0754859d4b7795817",
                            "description": "ELB security group",
                            "egress.#": "1",
                            "egress.482069346.cidr_blocks.#": "1",
                            "egress.482069346.cidr_blocks.0": "0.0.0.0/0",
                            "egress.482069346.description": "",
                            "egress.482069346.from_port": "0",
                            "egress.482069346.ipv6_cidr_blocks.#": "0",
                            "egress.482069346.prefix_list_ids.#": "0",
                            "egress.482069346.protocol": "-1",
                            "egress.482069346.security_groups.#": "0",
                            "egress.482069346.self": "false",
                            "egress.482069346.to_port": "0",
                            "id": "sg-0754859d4b7795817",
                            "ingress.#": "1",
                            "ingress.2214680975.cidr_blocks.#": "1",
                            "ingress.2214680975.cidr_blocks.0": "0.0.0.0/0",
                            "ingress.2214680975.description": "",
                            "ingress.2214680975.from_port": "80",
                            "ingress.2214680975.ipv6_cidr_blocks.#": "0",
                            "ingress.2214680975.prefix_list_ids.#": "0",
                            "ingress.2214680975.protocol": "tcp",
                            "ingress.2214680975.security_groups.#": "0",
                            "ingress.2214680975.self": "false",
                            "ingress.2214680975.to_port": "80",
                            "name": "demo-app-elb",
                            "owner_id": "925724605444",
                            "revoke_rules_on_delete": "false",
                            "tags.%": "0",
                            "vpc_id": "vpc-0a7d342180cff37c0"
                        },
                        "meta": {
                            "e2bfb730-ecaa-11e6-8f88-34363bc7c4c0": {
                                "create": 600000000000,
                                "delete": 600000000000
                            },
                            "schema_version": "1"
                        },
                        "tainted": false
                    },
                    "deposed": [],
                    "provider": "provider.aws"
                },
                "aws_security_group.demo-app-elb-prod": {
                    "type": "aws_security_group",
                    "depends_on": [
                        "aws_vpc.terraform-vpc"
                    ],
                    "primary": {
                        "id": "sg-03dcf34f946ea710f",
                        "attributes": {
                            "arn": "arn:aws:ec2:us-east-1:925724605444:security-group/sg-03dcf34f946ea710f",
                            "description": "ELB security group",
                            "egress.#": "1",
                            "egress.482069346.cidr_blocks.#": "1",
                            "egress.482069346.cidr_blocks.0": "0.0.0.0/0",
                            "egress.482069346.description": "",
                            "egress.482069346.from_port": "0",
                            "egress.482069346.ipv6_cidr_blocks.#": "0",
                            "egress.482069346.prefix_list_ids.#": "0",
                            "egress.482069346.protocol": "-1",
                            "egress.482069346.security_groups.#": "0",
                            "egress.482069346.self": "false",
                            "egress.482069346.to_port": "0",
                            "id": "sg-03dcf34f946ea710f",
                            "ingress.#": "1",
                            "ingress.2214680975.cidr_blocks.#": "1",
                            "ingress.2214680975.cidr_blocks.0": "0.0.0.0/0",
                            "ingress.2214680975.description": "",
                            "ingress.2214680975.from_port": "80",
                            "ingress.2214680975.ipv6_cidr_blocks.#": "0",
                            "ingress.2214680975.prefix_list_ids.#": "0",
                            "ingress.2214680975.protocol": "tcp",
                            "ingress.2214680975.security_groups.#": "0",
                            "ingress.2214680975.self": "false",
                            "ingress.2214680975.to_port": "80",
                            "name": "demo-app-elb-prod",
                            "owner_id": "925724605444",
                            "revoke_rules_on_delete": "false",
                            "tags.%": "0",
                            "vpc_id": "vpc-0a7d342180cff37c0"
                        },
                        "meta": {
                            "e2bfb730-ecaa-11e6-8f88-34363bc7c4c0": {
                                "create": 600000000000,
                                "delete": 600000000000
                            },
                            "schema_version": "1"
                        },
                        "tainted": false
                    },
                    "deposed": [],
                    "provider": "provider.aws"
                },
                "aws_security_group.jenkins": {
                    "type": "aws_security_group",
                    "depends_on": [
                        "aws_vpc.terraform-vpc"
                    ],
                    "primary": {
                        "id": "sg-0dad33270d670051e",
                        "attributes": {
                            "arn": "arn:aws:ec2:us-east-1:925724605444:security-group/sg-0dad33270d670051e",
                            "description": "ec2 instance security group",
                            "egress.#": "1",
                            "egress.482069346.cidr_blocks.#": "1",
                            "egress.482069346.cidr_blocks.0": "0.0.0.0/0",
                            "egress.482069346.description": "",
                            "egress.482069346.from_port": "0",
                            "egress.482069346.ipv6_cidr_blocks.#": "0",
                            "egress.482069346.prefix_list_ids.#": "0",
                            "egress.482069346.protocol": "-1",
                            "egress.482069346.security_groups.#": "0",
                            "egress.482069346.self": "false",
                            "egress.482069346.to_port": "0",
                            "id": "sg-0dad33270d670051e",
                            "ingress.#": "3",
                            "ingress.2214680975.cidr_blocks.#": "1",
                            "ingress.2214680975.cidr_blocks.0": "0.0.0.0/0",
                            "ingress.2214680975.description": "",
                            "ingress.2214680975.from_port": "80",
                            "ingress.2214680975.ipv6_cidr_blocks.#": "0",
                            "ingress.2214680975.prefix_list_ids.#": "0",
                            "ingress.2214680975.protocol": "tcp",
                            "ingress.2214680975.security_groups.#": "0",
                            "ingress.2214680975.self": "false",
                            "ingress.2214680975.to_port": "80",
                            "ingress.2541437006.cidr_blocks.#": "1",
                            "ingress.2541437006.cidr_blocks.0": "0.0.0.0/0",
                            "ingress.2541437006.description": "",
                            "ingress.2541437006.from_port": "22",
                            "ingress.2541437006.ipv6_cidr_blocks.#": "0",
                            "ingress.2541437006.prefix_list_ids.#": "0",
                            "ingress.2541437006.protocol": "tcp",
                            "ingress.2541437006.security_groups.#": "0",
                            "ingress.2541437006.self": "false",
                            "ingress.2541437006.to_port": "22",
                            "ingress.2617001939.cidr_blocks.#": "1",
                            "ingress.2617001939.cidr_blocks.0": "0.0.0.0/0",
                            "ingress.2617001939.description": "",
                            "ingress.2617001939.from_port": "443",
                            "ingress.2617001939.ipv6_cidr_blocks.#": "0",
                            "ingress.2617001939.prefix_list_ids.#": "0",
                            "ingress.2617001939.protocol": "tcp",
                            "ingress.2617001939.security_groups.#": "0",
                            "ingress.2617001939.self": "false",
                            "ingress.2617001939.to_port": "443",
                            "name": "jenkins",
                            "owner_id": "925724605444",
                            "revoke_rules_on_delete": "false",
                            "tags.%": "0",
                            "vpc_id": "vpc-0a7d342180cff37c0"
                        },
                        "meta": {
                            "e2bfb730-ecaa-11e6-8f88-34363bc7c4c0": {
                                "create": 600000000000,
                                "delete": 600000000000
                            },
                            "schema_version": "1"
                        },
                        "tainted": false
                    },
                    "deposed": [],
                    "provider": "provider.aws"
                },
                "aws_subnet.private-1": {
                    "type": "aws_subnet",
                    "depends_on": [
                        "aws_vpc.terraform-vpc"
                    ],
                    "primary": {
                        "id": "subnet-02d1d33302e02c1a1",
                        "attributes": {
                            "arn": "arn:aws:ec2:us-east-1:925724605444:subnet/subnet-02d1d33302e02c1a1",
                            "assign_ipv6_address_on_creation": "false",
                            "availability_zone": "us-east-1b",
                            "availability_zone_id": "use1-az4",
                            "cidr_block": "10.0.2.0/24",
                            "id": "subnet-02d1d33302e02c1a1",
                            "ipv6_cidr_block": "",
                            "ipv6_cidr_block_association_id": "",
                            "map_public_ip_on_launch": "false",
                            "owner_id": "925724605444",
                            "tags.%": "1",
                            "tags.Name": "Private",
                            "vpc_id": "vpc-0a7d342180cff37c0"
                        },
                        "meta": {
                            "e2bfb730-ecaa-11e6-8f88-34363bc7c4c0": {
                                "create": 600000000000,
                                "delete": 1200000000000
                            },
                            "schema_version": "1"
                        },
                        "tainted": false
                    },
                    "deposed": [],
                    "provider": "provider.aws"
                },
                "aws_subnet.private-2": {
                    "type": "aws_subnet",
                    "depends_on": [
                        "aws_vpc.terraform-vpc"
                    ],
                    "primary": {
                        "id": "subnet-02b2e259f4b980ea5",
                        "attributes": {
                            "arn": "arn:aws:ec2:us-east-1:925724605444:subnet/subnet-02b2e259f4b980ea5",
                            "assign_ipv6_address_on_creation": "false",
                            "availability_zone": "us-east-1c",
                            "availability_zone_id": "use1-az6",
                            "cidr_block": "10.0.4.0/24",
                            "id": "subnet-02b2e259f4b980ea5",
                            "ipv6_cidr_block": "",
                            "ipv6_cidr_block_association_id": "",
                            "map_public_ip_on_launch": "false",
                            "owner_id": "925724605444",
                            "tags.%": "1",
                            "tags.Name": "Private",
                            "vpc_id": "vpc-0a7d342180cff37c0"
                        },
                        "meta": {
                            "e2bfb730-ecaa-11e6-8f88-34363bc7c4c0": {
                                "create": 600000000000,
                                "delete": 1200000000000
                            },
                            "schema_version": "1"
                        },
                        "tainted": false
                    },
                    "deposed": [],
                    "provider": "provider.aws"
                },
                "aws_subnet.public-1": {
                    "type": "aws_subnet",
                    "depends_on": [
                        "aws_vpc.terraform-vpc"
                    ],
                    "primary": {
                        "id": "subnet-0a02c8f863d6f4ed3",
                        "attributes": {
                            "arn": "arn:aws:ec2:us-east-1:925724605444:subnet/subnet-0a02c8f863d6f4ed3",
                            "assign_ipv6_address_on_creation": "false",
                            "availability_zone": "us-east-1b",
                            "availability_zone_id": "use1-az4",
                            "cidr_block": "10.0.1.0/24",
                            "id": "subnet-0a02c8f863d6f4ed3",
                            "ipv6_cidr_block": "",
                            "ipv6_cidr_block_association_id": "",
                            "map_public_ip_on_launch": "true",
                            "owner_id": "925724605444",
                            "tags.%": "1",
                            "tags.Name": "Public",
                            "vpc_id": "vpc-0a7d342180cff37c0"
                        },
                        "meta": {
                            "e2bfb730-ecaa-11e6-8f88-34363bc7c4c0": {
                                "create": 600000000000,
                                "delete": 1200000000000
                            },
                            "schema_version": "1"
                        },
                        "tainted": false
                    },
                    "deposed": [],
                    "provider": "provider.aws"
                },
                "aws_subnet.public-2": {
                    "type": "aws_subnet",
                    "depends_on": [
                        "aws_vpc.terraform-vpc"
                    ],
                    "primary": {
                        "id": "subnet-042aeb34c77bb3d26",
                        "attributes": {
                            "arn": "arn:aws:ec2:us-east-1:925724605444:subnet/subnet-042aeb34c77bb3d26",
                            "assign_ipv6_address_on_creation": "false",
                            "availability_zone": "us-east-1c",
                            "availability_zone_id": "use1-az6",
                            "cidr_block": "10.0.3.0/24",
                            "id": "subnet-042aeb34c77bb3d26",
                            "ipv6_cidr_block": "",
                            "ipv6_cidr_block_association_id": "",
                            "map_public_ip_on_launch": "true",
                            "owner_id": "925724605444",
                            "tags.%": "1",
                            "tags.Name": "Public",
                            "vpc_id": "vpc-0a7d342180cff37c0"
                        },
                        "meta": {
                            "e2bfb730-ecaa-11e6-8f88-34363bc7c4c0": {
                                "create": 600000000000,
                                "delete": 1200000000000
                            },
                            "schema_version": "1"
                        },
                        "tainted": false
                    },
                    "deposed": [],
                    "provider": "provider.aws"
                },
                "aws_vpc.terraform-vpc": {
                    "type": "aws_vpc",
                    "depends_on": [],
                    "primary": {
                        "id": "vpc-0a7d342180cff37c0",
                        "attributes": {
                            "arn": "arn:aws:ec2:us-east-1:925724605444:vpc/vpc-0a7d342180cff37c0",
                            "assign_generated_ipv6_cidr_block": "false",
                            "cidr_block": "10.0.0.0/16",
                            "default_network_acl_id": "acl-02973f59104db879a",
                            "default_route_table_id": "rtb-007cb2da7c26612dd",
                            "default_security_group_id": "sg-02c3d5a40e0a4ad57",
                            "dhcp_options_id": "dopt-edccdd8f",
                            "enable_classiclink": "false",
                            "enable_classiclink_dns_support": "false",
                            "enable_dns_hostnames": "false",
                            "enable_dns_support": "true",
                            "id": "vpc-0a7d342180cff37c0",
                            "instance_tenancy": "default",
                            "ipv6_association_id": "",
                            "ipv6_cidr_block": "",
                            "main_route_table_id": "rtb-007cb2da7c26612dd",
                            "owner_id": "925724605444",
                            "tags.%": "1",
                            "tags.Name": "Terraform"
                        },
                        "meta": {
                            "schema_version": "1"
                        },
                        "tainted": false
                    },
                    "deposed": [],
                    "provider": "provider.aws"
                }
            },
            "depends_on": []
        }
    ]
}
